
Microsoft Visual Studio Solution File, Format Version 12.00
# Visual Studio 15
VisualStudioVersion = 15.0.28307.136
MinimumVisualStudioVersion = 10.0.40219.1
Project("{FAE04EC0-301F-11D3-BF4B-00C04F79EFBC}") = "Zamzar.SongFileConversion", "Zamzar.SongFileConversion\Zamzar.SongFileConversion.csproj", "{95092BB7-C0DF-4A88-96E9-A62106BDB3B5}"
EndProject
Global
	GlobalSection(SolutionConfigurationPlatforms) = preSolution
		Debug|Any CPU = Debug|Any CPU
		Release|Any CPU = Release|Any CPU
	EndGlobalSection
	GlobalSection(ProjectConfigurationPlatforms) = postSolution
		{95092BB7-C0DF-4A88-96E9-A62106BDB3B5}.Debug|Any CPU.ActiveCfg = Debug|Any CPU
		{95092BB7-C0DF-4A88-96E9-A62106BDB3B5}.Debug|Any CPU.Build.0 = Debug|Any CPU
		{95092BB7-C0DF-4A88-96E9-A62106BDB3B5}.Release|Any CPU.ActiveCfg = Release|Any CPU
		{95092BB7-C0DF-4A88-96E9-A62106BDB3B5}.Release|Any CPU.Build.0 = Release|Any CPU
	EndGlobalSection
	GlobalSection(SolutionProperties) = preSolution
		HideSolutionNode = FALSE
	EndGlobalSection
	GlobalSection(ExtensibilityGlobals) = postSolution
		SolutionGuid = {476CB2C7-F21D-47C3-B553-0626E92C2A90}
	EndGlobalSection
EndGlobal
